
Microsoft Visual Studio Solution File, Format Version 12.00
# Visual Studio Version 16
VisualStudioVersion = 16.0.32929.386
MinimumVisualStudioVersion = 10.0.40219.1
Project("{FAE04EC0-301F-11D3-BF4B-00C04F79EFBC}") = "Student_Portal_API", "Student_Portal_API.csproj", "{FCE5FD09-00A9-4D0C-A451-F93B8B4E5E4B}"
EndProject
Global
	GlobalSection(SolutionConfigurationPlatforms) = preSolution
		Debug|Any CPU = Debug|Any CPU
		Release|Any CPU = Release|Any CPU
	EndGlobalSection
	GlobalSection(ProjectConfigurationPlatforms) = postSolution
		{FCE5FD09-00A9-4D0C-A451-F93B8B4E5E4B}.Debug|Any CPU.ActiveCfg = Debug|Any CPU
		{FCE5FD09-00A9-4D0C-A451-F93B8B4E5E4B}.Debug|Any CPU.Build.0 = Debug|Any CPU
		{FCE5FD09-00A9-4D0C-A451-F93B8B4E5E4B}.Release|Any CPU.ActiveCfg = Release|Any CPU
		{FCE5FD09-00A9-4D0C-A451-F93B8B4E5E4B}.Release|Any CPU.Build.0 = Release|Any CPU
	EndGlobalSection
	GlobalSection(SolutionProperties) = preSolution
		HideSolutionNode = FALSE
	EndGlobalSection
	GlobalSection(ExtensibilityGlobals) = postSolution
		SolutionGuid = {B4DF8ED2-6CB6-499B-BE7B-FA6E535CEAE3}
	EndGlobalSection
EndGlobal
